
Microsoft Visual Studio Solution File, Format Version 12.00
# Visual Studio 15
VisualStudioVersion = 15.0.27004.2002
MinimumVisualStudioVersion = 10.0.40219.1
Project("{FAE04EC0-301F-11D3-BF4B-00C04F79EFBC}") = "FirstMasterPage", "FirstMasterPage\FirstMasterPage.csproj", "{8756C149-77B0-4275-BF74-057C3DEFE8D8}"
EndProject
Global
	GlobalSection(SolutionConfigurationPlatforms) = preSolution
		Debug|Any CPU = Debug|Any CPU
		Release|Any CPU = Release|Any CPU
	EndGlobalSection
	GlobalSection(ProjectConfigurationPlatforms) = postSolution
		{8756C149-77B0-4275-BF74-057C3DEFE8D8}.Debug|Any CPU.ActiveCfg = Debug|Any CPU
		{8756C149-77B0-4275-BF74-057C3DEFE8D8}.Debug|Any CPU.Build.0 = Debug|Any CPU
		{8756C149-77B0-4275-BF74-057C3DEFE8D8}.Release|Any CPU.ActiveCfg = Release|Any CPU
		{8756C149-77B0-4275-BF74-057C3DEFE8D8}.Release|Any CPU.Build.0 = Release|Any CPU
	EndGlobalSection
	GlobalSection(SolutionProperties) = preSolution
		HideSolutionNode = FALSE
	EndGlobalSection
	GlobalSection(ExtensibilityGlobals) = postSolution
		SolutionGuid = {75E0D0A5-7575-4DBC-8506-700ED85B5677}
	EndGlobalSection
EndGlobal
